
Microsoft Visual Studio Solution File, Format Version 12.00
# Visual Studio Version 16
VisualStudioVersion = 16.0.30225.117
MinimumVisualStudioVersion = 10.0.40219.1
Project("{E24C65DC-7377-472B-9ABA-BC803B73C61A}") = "e-Pet", ".", "{102DBFE5-CCDF-4292-B968-71ECAACF4C04}"
	ProjectSection(WebsiteProperties) = preProject
		TargetFrameworkMoniker = ".NETFramework,Version%3Dv4.7.2"
		Debug.AspNetCompiler.VirtualPath = "/localhost_56720"
		Debug.AspNetCompiler.PhysicalPath = "..\e-Pet\"
		Debug.AspNetCompiler.TargetPath = "PrecompiledWeb\localhost_56720\"
		Debug.AspNetCompiler.Updateable = "true"
		Debug.AspNetCompiler.ForceOverwrite = "true"
		Debug.AspNetCompiler.FixedNames = "false"
		Debug.AspNetCompiler.Debug = "True"
		Release.AspNetCompiler.VirtualPath = "/localhost_56720"
		Release.AspNetCompiler.PhysicalPath = "..\e-Pet\"
		Release.AspNetCompiler.TargetPath = "PrecompiledWeb\localhost_56720\"
		Release.AspNetCompiler.Updateable = "true"
		Release.AspNetCompiler.ForceOverwrite = "true"
		Release.AspNetCompiler.FixedNames = "false"
		Release.AspNetCompiler.Debug = "False"
		VWDPort = "56720"
		SlnRelativePath = "..\e-Pet\"
	EndProjectSection
EndProject
Global
	GlobalSection(SolutionConfigurationPlatforms) = preSolution
		Debug|Any CPU = Debug|Any CPU
	EndGlobalSection
	GlobalSection(ProjectConfigurationPlatforms) = postSolution
		{102DBFE5-CCDF-4292-B968-71ECAACF4C04}.Debug|Any CPU.ActiveCfg = Debug|Any CPU
		{102DBFE5-CCDF-4292-B968-71ECAACF4C04}.Debug|Any CPU.Build.0 = Debug|Any CPU
	EndGlobalSection
	GlobalSection(SolutionProperties) = preSolution
		HideSolutionNode = FALSE
	EndGlobalSection
	GlobalSection(ExtensibilityGlobals) = postSolution
		SolutionGuid = {6BA539E4-9DBF-40C8-A90D-BF2F946A30F7}
	EndGlobalSection
EndGlobal
